
Microsoft Visual Studio Solution File, Format Version 12.00
# Visual Studio Version 16
VisualStudioVersion = 16.0.29102.190
MinimumVisualStudioVersion = 10.0.40219.1
Project("{2150E333-8FDC-42A3-9474-1A3956D46DE8}") = "Supplementary", "Supplementary", "{E04FAEF2-DE81-416F-8E0E-8172178962E7}"
	ProjectSection(SolutionItems) = preProject
		..\.gitignore = ..\.gitignore
		..\README.md = ..\README.md
	EndProjectSection
EndProject
Project("{FAE04EC0-301F-11D3-BF4B-00C04F79EFBC}") = "MkvTitleEdit", "MkvTitleEdit\MkvTitleEdit.csproj", "{F2B2D694-3F87-4578-B36E-8FAB7D63806D}"
EndProject
Project("{FAE04EC0-301F-11D3-BF4B-00C04F79EFBC}") = "NEbml.Core", "Core\NEbml.Core.csproj", "{D602F585-AC96-4088-89E0-CA4D0D5BDB9B}"
EndProject
Global
	GlobalSection(SolutionConfigurationPlatforms) = preSolution
		Debug|Any CPU = Debug|Any CPU
		Release|Any CPU = Release|Any CPU
	EndGlobalSection
	GlobalSection(ProjectConfigurationPlatforms) = postSolution
		{F2B2D694-3F87-4578-B36E-8FAB7D63806D}.Debug|Any CPU.ActiveCfg = Debug|Any CPU
		{F2B2D694-3F87-4578-B36E-8FAB7D63806D}.Debug|Any CPU.Build.0 = Debug|Any CPU
		{F2B2D694-3F87-4578-B36E-8FAB7D63806D}.Release|Any CPU.ActiveCfg = Release|Any CPU
		{F2B2D694-3F87-4578-B36E-8FAB7D63806D}.Release|Any CPU.Build.0 = Release|Any CPU
		{D602F585-AC96-4088-89E0-CA4D0D5BDB9B}.Debug|Any CPU.ActiveCfg = Debug|Any CPU
		{D602F585-AC96-4088-89E0-CA4D0D5BDB9B}.Debug|Any CPU.Build.0 = Debug|Any CPU
		{D602F585-AC96-4088-89E0-CA4D0D5BDB9B}.Release|Any CPU.ActiveCfg = Release|Any CPU
		{D602F585-AC96-4088-89E0-CA4D0D5BDB9B}.Release|Any CPU.Build.0 = Release|Any CPU
	EndGlobalSection
	GlobalSection(SolutionProperties) = preSolution
		HideSolutionNode = FALSE
	EndGlobalSection
	GlobalSection(ExtensibilityGlobals) = postSolution
		SolutionGuid = {9E019099-2EC6-493C-8CC9-9081A9DFC3C9}
	EndGlobalSection
	GlobalSection(MercurialSourceControlSolutionProperties) = preSolution
		SolutionIsControlled = True
		SolutionBindings = <Solution Location In Database>
	EndGlobalSection
EndGlobal
